
Microsoft Visual Studio Solution File, Format Version 12.00
# Visual Studio Version 17
VisualStudioVersion = 17.14.36429.23 d17.14
MinimumVisualStudioVersion = 10.0.40219.1
Project("{8BC9CEB8-8B4A-11D0-8D11-00A0C91BC942}") = "algo4", "algo4\algo4.vcxproj", "{14CB1E8A-D13F-484C-9330-DEAEAE0D3054}"
EndProject
Global
	GlobalSection(SolutionConfigurationPlatforms) = preSolution
		Debug|x64 = Debug|x64
		Debug|x86 = Debug|x86
		Release|x64 = Release|x64
		Release|x86 = Release|x86
	EndGlobalSection
	GlobalSection(ProjectConfigurationPlatforms) = postSolution
		{14CB1E8A-D13F-484C-9330-DEAEAE0D3054}.Debug|x64.ActiveCfg = Debug|x64
		{14CB1E8A-D13F-484C-9330-DEAEAE0D3054}.Debug|x64.Build.0 = Debug|x64
		{14CB1E8A-D13F-484C-9330-DEAEAE0D3054}.Debug|x86.ActiveCfg = Debug|Win32
		{14CB1E8A-D13F-484C-9330-DEAEAE0D3054}.Debug|x86.Build.0 = Debug|Win32
		{14CB1E8A-D13F-484C-9330-DEAEAE0D3054}.Release|x64.ActiveCfg = Release|x64
		{14CB1E8A-D13F-484C-9330-DEAEAE0D3054}.Release|x64.Build.0 = Release|x64
		{14CB1E8A-D13F-484C-9330-DEAEAE0D3054}.Release|x86.ActiveCfg = Release|Win32
		{14CB1E8A-D13F-484C-9330-DEAEAE0D3054}.Release|x86.Build.0 = Release|Win32
	EndGlobalSection
	GlobalSection(SolutionProperties) = preSolution
		HideSolutionNode = FALSE
	EndGlobalSection
	GlobalSection(ExtensibilityGlobals) = postSolution
		SolutionGuid = {03150D17-22E7-49A7-84AC-8ED50FC9E9EF}
	EndGlobalSection
EndGlobal
